{
  "nodes": {
    "mbedtls": {
      "inputs": {
        "nixpkgs": "nixpkgs",
        "utils": "utils"
      },
      "locked": {
        "lastModified": 1756065414,
        "narHash": "sha256-dN7ey2WUFrFwB+VFC6dsNXyXY/g4hx8LXm+dIslZLIw=",
        "ref": "nix3.6.4",
        "rev": "b8ee14d6c91bb9d370430b6fe10acb0046f2a8b3",
        "revCount": 32158,
        "submodules": true,
        "type": "git",
        "url": "ssh://git@github.com/jesseDMoore1994/mbedtls.git"
      },
      "original": {
        "ref": "nix3.6.4",
        "submodules": true,
        "type": "git",
        "url": "ssh://git@github.com/jesseDMoore1994/mbedtls.git"
      }
    },
    "mbedtls_2": {
      "inputs": {
        "nixpkgs": "nixpkgs_3",
        "utils": "utils_2"
      },
      "locked": {
        "lastModified": 1756065414,
        "narHash": "sha256-dN7ey2WUFrFwB+VFC6dsNXyXY/g4hx8LXm+dIslZLIw=",
        "ref": "nix3.6.4",
        "rev": "b8ee14d6c91bb9d370430b6fe10acb0046f2a8b3",
        "revCount": 32158,
        "submodules": true,
        "type": "git",
        "url": "ssh://git@github.com/jesseDMoore1994/mbedtls.git"
      },
      "original": {
        "ref": "nix3.6.4",
        "submodules": true,
        "type": "git",
        "url": "ssh://git@github.com/jesseDMoore1994/mbedtls.git"
      }
    },
    "nixpkgs": {
      "locked": {
        "lastModified": 1745778752,
        "narHash": "sha256-cSpQuNn2RFIcds4xjITyMJm63wR/FgGa0ucpu1uX2IA=",
        "owner": "NixOS",
        "repo": "nixpkgs",
        "rev": "c1f9d2265b853f148304c50bad66885deb5ab47c",
        "type": "github"
      },
      "original": {
        "owner": "NixOS",
        "repo": "nixpkgs",
        "type": "github"
      }
    },
    "nixpkgs_2": {
      "locked": {
        "lastModified": 1756066536,
        "narHash": "sha256-XV19yMQ2OiZrirRgX8tr09YeQQrlJXxbY30YzaoebQs=",
        "owner": "NixOS",
        "repo": "nixpkgs",
        "rev": "ea26e8f23ffe674172ab68c46337b5543c7ccbbb",
        "type": "github"
      },
      "original": {
        "owner": "NixOS",
        "repo": "nixpkgs",
        "type": "github"
      }
    },
    "nixpkgs_3": {
      "locked": {
        "lastModified": 1745778752,
        "narHash": "sha256-cSpQuNn2RFIcds4xjITyMJm63wR/FgGa0ucpu1uX2IA=",
        "owner": "NixOS",
        "repo": "nixpkgs",
        "rev": "c1f9d2265b853f148304c50bad66885deb5ab47c",
        "type": "github"
      },
      "original": {
        "owner": "NixOS",
        "repo": "nixpkgs",
        "type": "github"
      }
    },
    "nixpkgs_4": {
      "locked": {
        "lastModified": 1756066536,
        "narHash": "sha256-XV19yMQ2OiZrirRgX8tr09YeQQrlJXxbY30YzaoebQs=",
        "owner": "NixOS",
        "repo": "nixpkgs",
        "rev": "ea26e8f23ffe674172ab68c46337b5543c7ccbbb",
        "type": "github"
      },
      "original": {
        "owner": "NixOS",
        "repo": "nixpkgs",
        "type": "github"
      }
    },
    "nng": {
      "inputs": {
        "mbedtls": "mbedtls_2",
        "nixpkgs": "nixpkgs_4",
        "utils": "utils_3"
      },
      "locked": {
        "lastModified": 1756066733,
        "narHash": "sha256-oqGJIXXBVfswSyQWGmpe9v71orJNuROIqll333CjD1w=",
        "owner": "jesseDMoore1994",
        "repo": "nng",
        "rev": "601c6150c737e2206ad498060a656ea426bcc1f0",
        "type": "github"
      },
      "original": {
        "owner": "jesseDMoore1994",
        "ref": "nix1.11",
        "repo": "nng",
        "type": "github"
      }
    },
    "root": {
      "inputs": {
        "mbedtls": "mbedtls",
        "nixpkgs": "nixpkgs_2",
        "nng": "nng",
        "utils": "utils_4"
      }
    },
    "systems": {
      "locked": {
        "lastModified": 1681028828,
        "narHash": "sha256-Vy1rq5AaRuLzOxct8nz4T6wlgyUR7zLU309k9mBC768=",
        "owner": "nix-systems",
        "repo": "default",
        "rev": "da67096a3b9bf56a91d16901293e51ba5b49a27e",
        "type": "github"
      },
      "original": {
        "owner": "nix-systems",
        "repo": "default",
        "type": "github"
      }
    },
    "systems_2": {
      "locked": {
        "lastModified": 1681028828,
        "narHash": "sha256-Vy1rq5AaRuLzOxct8nz4T6wlgyUR7zLU309k9mBC768=",
        "owner": "nix-systems",
        "repo": "default",
        "rev": "da67096a3b9bf56a91d16901293e51ba5b49a27e",
        "type": "github"
      },
      "original": {
        "owner": "nix-systems",
        "repo": "default",
        "type": "github"
      }
    },
    "systems_3": {
      "locked": {
        "lastModified": 1681028828,
        "narHash": "sha256-Vy1rq5AaRuLzOxct8nz4T6wlgyUR7zLU309k9mBC768=",
        "owner": "nix-systems",
        "repo": "default",
        "rev": "da67096a3b9bf56a91d16901293e51ba5b49a27e",
        "type": "github"
      },
      "original": {
        "owner": "nix-systems",
        "repo": "default",
        "type": "github"
      }
    },
    "systems_4": {
      "locked": {
        "lastModified": 1681028828,
        "narHash": "sha256-Vy1rq5AaRuLzOxct8nz4T6wlgyUR7zLU309k9mBC768=",
        "owner": "nix-systems",
        "repo": "default",
        "rev": "da67096a3b9bf56a91d16901293e51ba5b49a27e",
        "type": "github"
      },
      "original": {
        "owner": "nix-systems",
        "repo": "default",
        "type": "github"
      }
    },
    "utils": {
      "inputs": {
        "systems": "systems"
      },
      "locked": {
        "lastModified": 1731533236,
        "narHash": "sha256-l0KFg5HjrsfsO/JpG+r7fRrqm12kzFHyUHqHCVpMMbI=",
        "owner": "numtide",
        "repo": "flake-utils",
        "rev": "11707dc2f618dd54ca8739b309ec4fc024de578b",
        "type": "github"
      },
      "original": {
        "owner": "numtide",
        "repo": "flake-utils",
        "type": "github"
      }
    },
    "utils_2": {
      "inputs": {
        "systems": "systems_2"
      },
      "locked": {
        "lastModified": 1731533236,
        "narHash": "sha256-l0KFg5HjrsfsO/JpG+r7fRrqm12kzFHyUHqHCVpMMbI=",
        "owner": "numtide",
        "repo": "flake-utils",
        "rev": "11707dc2f618dd54ca8739b309ec4fc024de578b",
        "type": "github"
      },
      "original": {
        "owner": "numtide",
        "repo": "flake-utils",
        "type": "github"
      }
    },
    "utils_3": {
      "inputs": {
        "systems": "systems_3"
      },
      "locked": {
        "lastModified": 1731533236,
        "narHash": "sha256-l0KFg5HjrsfsO/JpG+r7fRrqm12kzFHyUHqHCVpMMbI=",
        "owner": "numtide",
        "repo": "flake-utils",
        "rev": "11707dc2f618dd54ca8739b309ec4fc024de578b",
        "type": "github"
      },
      "original": {
        "owner": "numtide",
        "repo": "flake-utils",
        "type": "github"
      }
    },
    "utils_4": {
      "inputs": {
        "systems": "systems_4"
      },
      "locked": {
        "lastModified": 1731533236,
        "narHash": "sha256-l0KFg5HjrsfsO/JpG+r7fRrqm12kzFHyUHqHCVpMMbI=",
        "owner": "numtide",
        "repo": "flake-utils",
        "rev": "11707dc2f618dd54ca8739b309ec4fc024de578b",
        "type": "github"
      },
      "original": {
        "owner": "numtide",
        "repo": "flake-utils",
        "type": "github"
      }
    }
  },
  "root": "root",
  "version": 7
}
